// !$*UTF8*$!
{
	archiveVersion = 1;
	classes = {
	};
	objectVersion = 46;
	objects = {

/* Begin PBXBuildFile section */
		84F141DF1D0CF7F100CF3FC4 /* Error.swift in Sources */ = {isa = PBXBuildFile; fileRef = 84F141D91D0CF7F100CF3FC4 /* Error.swift */; };
		84F141E01D0CF7F100CF3FC4 /* FoundationExtension.swift in Sources */ = {isa = PBXBuildFile; fileRef = 84F141DA1D0CF7F100CF3FC4 /* FoundationExtension.swift */; };
		84F141E11D0CF7F100CF3FC4 /* OAuthClient.swift in Sources */ = {isa = PBXBuildFile; fileRef = 84F141DB1D0CF7F100CF3FC4 /* OAuthClient.swift */; };
		84F141E21D0CF7F100CF3FC4 /* TwitterAPIKit.h in Headers */ = {isa = PBXBuildFile; fileRef = 84F141DC1D0CF7F100CF3FC4 /* TwitterAPIKit.h */; settings = {ATTRIBUTES = (Public, ); }; };
		84F141E31D0CF7F100CF3FC4 /* User.swift in Sources */ = {isa = PBXBuildFile; fileRef = 84F141DD1D0CF7F100CF3FC4 /* User.swift */; };
		84F141E41D0CF7F100CF3FC4 /* Utils.swift in Sources */ = {isa = PBXBuildFile; fileRef = 84F141DE1D0CF7F100CF3FC4 /* Utils.swift */; };
		84F141F21D0CF89E00CF3FC4 /* DirectMessage.swift in Sources */ = {isa = PBXBuildFile; fileRef = 84F141E71D0CF89E00CF3FC4 /* DirectMessage.swift */; };
		84F141F31D0CF89E00CF3FC4 /* Entities.swift in Sources */ = {isa = PBXBuildFile; fileRef = 84F141E81D0CF89E00CF3FC4 /* Entities.swift */; };
		84F141F41D0CF89E00CF3FC4 /* ListsList.swift in Sources */ = {isa = PBXBuildFile; fileRef = 84F141E91D0CF89E00CF3FC4 /* ListsList.swift */; };
		84F141F51D0CF89E00CF3FC4 /* Places.swift in Sources */ = {isa = PBXBuildFile; fileRef = 84F141EA1D0CF89E00CF3FC4 /* Places.swift */; };
		84F141F61D0CF89E00CF3FC4 /* RetweetIDs.swift in Sources */ = {isa = PBXBuildFile; fileRef = 84F141EB1D0CF89E00CF3FC4 /* RetweetIDs.swift */; };
		84F141F71D0CF89E00CF3FC4 /* SearchResult.swift in Sources */ = {isa = PBXBuildFile; fileRef = 84F141EC1D0CF89E00CF3FC4 /* SearchResult.swift */; };
		84F141F81D0CF89E00CF3FC4 /* TokenResult.swift in Sources */ = {isa = PBXBuildFile; fileRef = 84F141ED1D0CF89E00CF3FC4 /* TokenResult.swift */; };
		84F141F91D0CF89E00CF3FC4 /* Tweets.swift in Sources */ = {isa = PBXBuildFile; fileRef = 84F141EE1D0CF89E00CF3FC4 /* Tweets.swift */; };
		84F141FA1D0CF89E00CF3FC4 /* UserIDs.swift in Sources */ = {isa = PBXBuildFile; fileRef = 84F141EF1D0CF89E00CF3FC4 /* UserIDs.swift */; };
		84F141FB1D0CF89E00CF3FC4 /* Users.swift in Sources */ = {isa = PBXBuildFile; fileRef = 84F141F01D0CF89E00CF3FC4 /* Users.swift */; };
		84F141FC1D0CF89E00CF3FC4 /* UsersList.swift in Sources */ = {isa = PBXBuildFile; fileRef = 84F141F11D0CF89E00CF3FC4 /* UsersList.swift */; };
		84F141FE1D0CF8DF00CF3FC4 /* Response.swift in Sources */ = {isa = PBXBuildFile; fileRef = 84F141FD1D0CF8DF00CF3FC4 /* Response.swift */; };
		84F1420A1D0CF91F00CF3FC4 /* DirectMessagesAPI.swift in Sources */ = {isa = PBXBuildFile; fileRef = 84F141FF1D0CF91F00CF3FC4 /* DirectMessagesAPI.swift */; };
		84F1420B1D0CF91F00CF3FC4 /* FollowersAPI.swift in Sources */ = {isa = PBXBuildFile; fileRef = 84F142001D0CF91F00CF3FC4 /* FollowersAPI.swift */; };
		84F1420C1D0CF91F00CF3FC4 /* FriendsAPI.swift in Sources */ = {isa = PBXBuildFile; fileRef = 84F142011D0CF91F00CF3FC4 /* FriendsAPI.swift */; };
		84F1420D1D0CF91F00CF3FC4 /* FriendshipsAPI.swift in Sources */ = {isa = PBXBuildFile; fileRef = 84F142021D0CF91F00CF3FC4 /* FriendshipsAPI.swift */; };
		84F1420E1D0CF91F00CF3FC4 /* ListsAPI.swift in Sources */ = {isa = PBXBuildFile; fileRef = 84F142031D0CF91F00CF3FC4 /* ListsAPI.swift */; };
		84F1420F1D0CF91F00CF3FC4 /* MutesAPI.swift in Sources */ = {isa = PBXBuildFile; fileRef = 84F142041D0CF91F00CF3FC4 /* MutesAPI.swift */; };
		84F142101D0CF91F00CF3FC4 /* OAuthAPI.swift in Sources */ = {isa = PBXBuildFile; fileRef = 84F142051D0CF91F00CF3FC4 /* OAuthAPI.swift */; };
		84F142111D0CF91F00CF3FC4 /* SearchAPI.swift in Sources */ = {isa = PBXBuildFile; fileRef = 84F142061D0CF91F00CF3FC4 /* SearchAPI.swift */; };
		84F142121D0CF91F00CF3FC4 /* StatusesAPI.swift in Sources */ = {isa = PBXBuildFile; fileRef = 84F142071D0CF91F00CF3FC4 /* StatusesAPI.swift */; };
		84F142131D0CF91F00CF3FC4 /* TwitterAPIRequest.swift in Sources */ = {isa = PBXBuildFile; fileRef = 84F142081D0CF91F00CF3FC4 /* TwitterAPIRequest.swift */; };
		84F142141D0CF91F00CF3FC4 /* UsersAPI.swift in Sources */ = {isa = PBXBuildFile; fileRef = 84F142091D0CF91F00CF3FC4 /* UsersAPI.swift */; };
		84F142161D0CF92A00CF3FC4 /* Info.plist in Resources */ = {isa = PBXBuildFile; fileRef = 84F142151D0CF92A00CF3FC4 /* Info.plist */; };
		84F142471D0CFCEF00CF3FC4 /* TwitterAPIKit.h in Headers */ = {isa = PBXBuildFile; fileRef = 84F141DC1D0CF7F100CF3FC4 /* TwitterAPIKit.h */; settings = {ATTRIBUTES = (Public, ); }; };
		84F142481D0CFD0400CF3FC4 /* Error.swift in Sources */ = {isa = PBXBuildFile; fileRef = 84F141D91D0CF7F100CF3FC4 /* Error.swift */; };
		84F142491D0CFD0400CF3FC4 /* FoundationExtension.swift in Sources */ = {isa = PBXBuildFile; fileRef = 84F141DA1D0CF7F100CF3FC4 /* FoundationExtension.swift */; };
		84F1424A1D0CFD0400CF3FC4 /* OAuthClient.swift in Sources */ = {isa = PBXBuildFile; fileRef = 84F141DB1D0CF7F100CF3FC4 /* OAuthClient.swift */; };
		84F1424B1D0CFD0400CF3FC4 /* User.swift in Sources */ = {isa = PBXBuildFile; fileRef = 84F141DD1D0CF7F100CF3FC4 /* User.swift */; };
		84F1424C1D0CFD0400CF3FC4 /* Utils.swift in Sources */ = {isa = PBXBuildFile; fileRef = 84F141DE1D0CF7F100CF3FC4 /* Utils.swift */; };
		84F1424D1D0CFD0400CF3FC4 /* Response.swift in Sources */ = {isa = PBXBuildFile; fileRef = 84F141FD1D0CF8DF00CF3FC4 /* Response.swift */; };
		84F1424E1D0CFD0C00CF3FC4 /* DirectMessage.swift in Sources */ = {isa = PBXBuildFile; fileRef = 84F141E71D0CF89E00CF3FC4 /* DirectMessage.swift */; };
		84F1424F1D0CFD0C00CF3FC4 /* Entities.swift in Sources */ = {isa = PBXBuildFile; fileRef = 84F141E81D0CF89E00CF3FC4 /* Entities.swift */; };
		84F142501D0CFD0C00CF3FC4 /* ListsList.swift in Sources */ = {isa = PBXBuildFile; fileRef = 84F141E91D0CF89E00CF3FC4 /* ListsList.swift */; };
		84F142511D0CFD0C00CF3FC4 /* Places.swift in Sources */ = {isa = PBXBuildFile; fileRef = 84F141EA1D0CF89E00CF3FC4 /* Places.swift */; };
		84F142521D0CFD0C00CF3FC4 /* RetweetIDs.swift in Sources */ = {isa = PBXBuildFile; fileRef = 84F141EB1D0CF89E00CF3FC4 /* RetweetIDs.swift */; };
		84F142531D0CFD0C00CF3FC4 /* SearchResult.swift in Sources */ = {isa = PBXBuildFile; fileRef = 84F141EC1D0CF89E00CF3FC4 /* SearchResult.swift */; };
		84F142541D0CFD0C00CF3FC4 /* TokenResult.swift in Sources */ = {isa = PBXBuildFile; fileRef = 84F141ED1D0CF89E00CF3FC4 /* TokenResult.swift */; };
		84F142551D0CFD0C00CF3FC4 /* Tweets.swift in Sources */ = {isa = PBXBuildFile; fileRef = 84F141EE1D0CF89E00CF3FC4 /* Tweets.swift */; };
		84F142561D0CFD0C00CF3FC4 /* UserIDs.swift in Sources */ = {isa = PBXBuildFile; fileRef = 84F141EF1D0CF89E00CF3FC4 /* UserIDs.swift */; };
		84F142571D0CFD0C00CF3FC4 /* Users.swift in Sources */ = {isa = PBXBuildFile; fileRef = 84F141F01D0CF89E00CF3FC4 /* Users.swift */; };
		84F142581D0CFD0C00CF3FC4 /* UsersList.swift in Sources */ = {isa = PBXBuildFile; fileRef = 84F141F11D0CF89E00CF3FC4 /* UsersList.swift */; };
		84F142591D0CFD1300CF3FC4 /* DirectMessagesAPI.swift in Sources */ = {isa = PBXBuildFile; fileRef = 84F141FF1D0CF91F00CF3FC4 /* DirectMessagesAPI.swift */; };
		84F1425A1D0CFD1300CF3FC4 /* FollowersAPI.swift in Sources */ = {isa = PBXBuildFile; fileRef = 84F142001D0CF91F00CF3FC4 /* FollowersAPI.swift */; };
		84F1425B1D0CFD1300CF3FC4 /* FriendsAPI.swift in Sources */ = {isa = PBXBuildFile; fileRef = 84F142011D0CF91F00CF3FC4 /* FriendsAPI.swift */; };
		84F1425C1D0CFD1300CF3FC4 /* FriendshipsAPI.swift in Sources */ = {isa = PBXBuildFile; fileRef = 84F142021D0CF91F00CF3FC4 /* FriendshipsAPI.swift */; };
		84F1425D1D0CFD1300CF3FC4 /* ListsAPI.swift in Sources */ = {isa = PBXBuildFile; fileRef = 84F142031D0CF91F00CF3FC4 /* ListsAPI.swift */; };
		84F1425E1D0CFD1300CF3FC4 /* MutesAPI.swift in Sources */ = {isa = PBXBuildFile; fileRef = 84F142041D0CF91F00CF3FC4 /* MutesAPI.swift */; };
		84F1425F1D0CFD1300CF3FC4 /* OAuthAPI.swift in Sources */ = {isa = PBXBuildFile; fileRef = 84F142051D0CF91F00CF3FC4 /* OAuthAPI.swift */; };
		84F142601D0CFD1300CF3FC4 /* SearchAPI.swift in Sources */ = {isa = PBXBuildFile; fileRef = 84F142061D0CF91F00CF3FC4 /* SearchAPI.swift */; };
		84F142611D0CFD1300CF3FC4 /* StatusesAPI.swift in Sources */ = {isa = PBXBuildFile; fileRef = 84F142071D0CF91F00CF3FC4 /* StatusesAPI.swift */; };
		84F142621D0CFD1300CF3FC4 /* TwitterAPIRequest.swift in Sources */ = {isa = PBXBuildFile; fileRef = 84F142081D0CF91F00CF3FC4 /* TwitterAPIRequest.swift */; };
		84F142631D0CFD1300CF3FC4 /* UsersAPI.swift in Sources */ = {isa = PBXBuildFile; fileRef = 84F142091D0CF91F00CF3FC4 /* UsersAPI.swift */; };
		84F142691D0D08B100CF3FC4 /* APIKit.framework in Frameworks */ = {isa = PBXBuildFile; fileRef = 84F142651D0D08B100CF3FC4 /* APIKit.framework */; };
		84F1426A1D0D08B100CF3FC4 /* Base32.framework in Frameworks */ = {isa = PBXBuildFile; fileRef = 84F142661D0D08B100CF3FC4 /* Base32.framework */; };
		84F1426B1D0D08B100CF3FC4 /* HMAC.framework in Frameworks */ = {isa = PBXBuildFile; fileRef = 84F142671D0D08B100CF3FC4 /* HMAC.framework */; };
		84F1426C1D0D08B100CF3FC4 /* Result.framework in Frameworks */ = {isa = PBXBuildFile; fileRef = 84F142681D0D08B100CF3FC4 /* Result.framework */; };
		84F1426D1D0D08BA00CF3FC4 /* APIKit.framework in Frameworks */ = {isa = PBXBuildFile; fileRef = 84F142651D0D08B100CF3FC4 /* APIKit.framework */; };
		84F142711D0D08BA00CF3FC4 /* Base32.framework in Frameworks */ = {isa = PBXBuildFile; fileRef = 84F1426E1D0D08BA00CF3FC4 /* Base32.framework */; };
		84F142721D0D08BA00CF3FC4 /* HMAC.framework in Frameworks */ = {isa = PBXBuildFile; fileRef = 84F1426F1D0D08BA00CF3FC4 /* HMAC.framework */; };
		84F142731D0D08BA00CF3FC4 /* Result.framework in Frameworks */ = {isa = PBXBuildFile; fileRef = 84F142701D0D08BA00CF3FC4 /* Result.framework */; };
/* End PBXBuildFile section */

/* Begin PBXFileReference section */
		845CB4A21AD2A4C7006B3CE8 /* TwitterAPIKit.framework */ = {isa = PBXFileReference; explicitFileType = wrapper.framework; includeInIndex = 0; path = TwitterAPIKit.framework; sourceTree = BUILT_PRODUCTS_DIR; };
		84F140B31D0B988200CF3FC4 /* APIKit.framework */ = {isa = PBXFileReference; lastKnownFileType = wrapper.framework; name = APIKit.framework; path = "../../../../Library/Developer/Xcode/DerivedData/TwitterAPIKit-ahjcwwoarzyijagnzbbhunzgxnnb/Build/Products/Debug-iphonesimulator/APIKit.framework"; sourceTree = "<group>"; };
		84F140B41D0B988200CF3FC4 /* Base32.framework */ = {isa = PBXFileReference; lastKnownFileType = wrapper.framework; name = Base32.framework; path = "../../../../Library/Developer/Xcode/DerivedData/TwitterAPIKit-ahjcwwoarzyijagnzbbhunzgxnnb/Build/Products/Debug-iphonesimulator/Base32.framework"; sourceTree = "<group>"; };
		84F140B51D0B988200CF3FC4 /* HMAC.framework */ = {isa = PBXFileReference; lastKnownFileType = wrapper.framework; name = HMAC.framework; path = "../../../../Library/Developer/Xcode/DerivedData/TwitterAPIKit-ahjcwwoarzyijagnzbbhunzgxnnb/Build/Products/Debug-iphonesimulator/HMAC.framework"; sourceTree = "<group>"; };
		84F140B61D0B988200CF3FC4 /* Result.framework */ = {isa = PBXFileReference; lastKnownFileType = wrapper.framework; name = Result.framework; path = "../../../../Library/Developer/Xcode/DerivedData/TwitterAPIKit-ahjcwwoarzyijagnzbbhunzgxnnb/Build/Products/Debug-iphonesimulator/Result.framework"; sourceTree = "<group>"; };
		84F140C31D0B993900CF3FC4 /* APIKit.framework */ = {isa = PBXFileReference; lastKnownFileType = wrapper.framework; name = APIKit.framework; path = ../Carthage/Build/iOS/APIKit.framework; sourceTree = "<group>"; };
		84F140C41D0B993900CF3FC4 /* Base32.framework */ = {isa = PBXFileReference; lastKnownFileType = wrapper.framework; name = Base32.framework; path = ../Carthage/Build/iOS/Base32.framework; sourceTree = "<group>"; };
		84F140C51D0B993900CF3FC4 /* HMAC.framework */ = {isa = PBXFileReference; lastKnownFileType = wrapper.framework; name = HMAC.framework; path = ../Carthage/Build/iOS/HMAC.framework; sourceTree = "<group>"; };
		84F140C61D0B993900CF3FC4 /* Result.framework */ = {isa = PBXFileReference; lastKnownFileType = wrapper.framework; name = Result.framework; path = ../Carthage/Build/iOS/Result.framework; sourceTree = "<group>"; };
		84F141D91D0CF7F100CF3FC4 /* Error.swift */ = {isa = PBXFileReference; fileEncoding = 4; lastKnownFileType = sourcecode.swift; name = Error.swift; path = Sources/Error.swift; sourceTree = SOURCE_ROOT; };
		84F141DA1D0CF7F100CF3FC4 /* FoundationExtension.swift */ = {isa = PBXFileReference; fileEncoding = 4; lastKnownFileType = sourcecode.swift; name = FoundationExtension.swift; path = Sources/FoundationExtension.swift; sourceTree = SOURCE_ROOT; };
		84F141DB1D0CF7F100CF3FC4 /* OAuthClient.swift */ = {isa = PBXFileReference; fileEncoding = 4; lastKnownFileType = sourcecode.swift; name = OAuthClient.swift; path = Sources/OAuthClient.swift; sourceTree = SOURCE_ROOT; };
		84F141DC1D0CF7F100CF3FC4 /* TwitterAPIKit.h */ = {isa = PBXFileReference; fileEncoding = 4; lastKnownFileType = sourcecode.c.h; name = TwitterAPIKit.h; path = Sources/TwitterAPIKit.h; sourceTree = SOURCE_ROOT; };
		84F141DD1D0CF7F100CF3FC4 /* User.swift */ = {isa = PBXFileReference; fileEncoding = 4; lastKnownFileType = sourcecode.swift; name = User.swift; path = Sources/User.swift; sourceTree = SOURCE_ROOT; };
		84F141DE1D0CF7F100CF3FC4 /* Utils.swift */ = {isa = PBXFileReference; fileEncoding = 4; lastKnownFileType = sourcecode.swift; name = Utils.swift; path = Sources/Utils.swift; sourceTree = SOURCE_ROOT; };
		84F141E71D0CF89E00CF3FC4 /* DirectMessage.swift */ = {isa = PBXFileReference; fileEncoding = 4; lastKnownFileType = sourcecode.swift; name = DirectMessage.swift; path = Sources/Models/DirectMessage.swift; sourceTree = SOURCE_ROOT; };
		84F141E81D0CF89E00CF3FC4 /* Entities.swift */ = {isa = PBXFileReference; fileEncoding = 4; lastKnownFileType = sourcecode.swift; name = Entities.swift; path = Sources/Models/Entities.swift; sourceTree = SOURCE_ROOT; };
		84F141E91D0CF89E00CF3FC4 /* ListsList.swift */ = {isa = PBXFileReference; fileEncoding = 4; lastKnownFileType = sourcecode.swift; name = ListsList.swift; path = Sources/Models/ListsList.swift; sourceTree = SOURCE_ROOT; };
		84F141EA1D0CF89E00CF3FC4 /* Places.swift */ = {isa = PBXFileReference; fileEncoding = 4; lastKnownFileType = sourcecode.swift; name = Places.swift; path = Sources/Models/Places.swift; sourceTree = SOURCE_ROOT; };
		84F141EB1D0CF89E00CF3FC4 /* RetweetIDs.swift */ = {isa = PBXFileReference; fileEncoding = 4; lastKnownFileType = sourcecode.swift; name = RetweetIDs.swift; path = Sources/Models/RetweetIDs.swift; sourceTree = SOURCE_ROOT; };
		84F141EC1D0CF89E00CF3FC4 /* SearchResult.swift */ = {isa = PBXFileReference; fileEncoding = 4; lastKnownFileType = sourcecode.swift; name = SearchResult.swift; path = Sources/Models/SearchResult.swift; sourceTree = SOURCE_ROOT; };
		84F141ED1D0CF89E00CF3FC4 /* TokenResult.swift */ = {isa = PBXFileReference; fileEncoding = 4; lastKnownFileType = sourcecode.swift; name = TokenResult.swift; path = Sources/Models/TokenResult.swift; sourceTree = SOURCE_ROOT; };
		84F141EE1D0CF89E00CF3FC4 /* Tweets.swift */ = {isa = PBXFileReference; fileEncoding = 4; lastKnownFileType = sourcecode.swift; name = Tweets.swift; path = Sources/Models/Tweets.swift; sourceTree = SOURCE_ROOT; };
		84F141EF1D0CF89E00CF3FC4 /* UserIDs.swift */ = {isa = PBXFileReference; fileEncoding = 4; lastKnownFileType = sourcecode.swift; name = UserIDs.swift; path = Sources/Models/UserIDs.swift; sourceTree = SOURCE_ROOT; };
		84F141F01D0CF89E00CF3FC4 /* Users.swift */ = {isa = PBXFileReference; fileEncoding = 4; lastKnownFileType = sourcecode.swift; name = Users.swift; path = Sources/Models/Users.swift; sourceTree = SOURCE_ROOT; };
		84F141F11D0CF89E00CF3FC4 /* UsersList.swift */ = {isa = PBXFileReference; fileEncoding = 4; lastKnownFileType = sourcecode.swift; name = UsersList.swift; path = Sources/Models/UsersList.swift; sourceTree = SOURCE_ROOT; };
		84F141FD1D0CF8DF00CF3FC4 /* Response.swift */ = {isa = PBXFileReference; fileEncoding = 4; lastKnownFileType = sourcecode.swift; name = Response.swift; path = Sources/Response/Response.swift; sourceTree = SOURCE_ROOT; };
		84F141FF1D0CF91F00CF3FC4 /* DirectMessagesAPI.swift */ = {isa = PBXFileReference; fileEncoding = 4; lastKnownFileType = sourcecode.swift; name = DirectMessagesAPI.swift; path = Sources/APIs/DirectMessagesAPI.swift; sourceTree = SOURCE_ROOT; };
		84F142001D0CF91F00CF3FC4 /* FollowersAPI.swift */ = {isa = PBXFileReference; fileEncoding = 4; lastKnownFileType = sourcecode.swift; name = FollowersAPI.swift; path = Sources/APIs/FollowersAPI.swift; sourceTree = SOURCE_ROOT; };
		84F142011D0CF91F00CF3FC4 /* FriendsAPI.swift */ = {isa = PBXFileReference; fileEncoding = 4; lastKnownFileType = sourcecode.swift; name = FriendsAPI.swift; path = Sources/APIs/FriendsAPI.swift; sourceTree = SOURCE_ROOT; };
		84F142021D0CF91F00CF3FC4 /* FriendshipsAPI.swift */ = {isa = PBXFileReference; fileEncoding = 4; lastKnownFileType = sourcecode.swift; name = FriendshipsAPI.swift; path = Sources/APIs/FriendshipsAPI.swift; sourceTree = SOURCE_ROOT; };
		84F142031D0CF91F00CF3FC4 /* ListsAPI.swift */ = {isa = PBXFileReference; fileEncoding = 4; lastKnownFileType = sourcecode.swift; name = ListsAPI.swift; path = Sources/APIs/ListsAPI.swift; sourceTree = SOURCE_ROOT; };
		84F142041D0CF91F00CF3FC4 /* MutesAPI.swift */ = {isa = PBXFileReference; fileEncoding = 4; lastKnownFileType = sourcecode.swift; name = MutesAPI.swift; path = Sources/APIs/MutesAPI.swift; sourceTree = SOURCE_ROOT; };
		84F142051D0CF91F00CF3FC4 /* OAuthAPI.swift */ = {isa = PBXFileReference; fileEncoding = 4; lastKnownFileType = sourcecode.swift; name = OAuthAPI.swift; path = Sources/APIs/OAuthAPI.swift; sourceTree = SOURCE_ROOT; };
		84F142061D0CF91F00CF3FC4 /* SearchAPI.swift */ = {isa = PBXFileReference; fileEncoding = 4; lastKnownFileType = sourcecode.swift; name = SearchAPI.swift; path = Sources/APIs/SearchAPI.swift; sourceTree = SOURCE_ROOT; };
		84F142071D0CF91F00CF3FC4 /* StatusesAPI.swift */ = {isa = PBXFileReference; fileEncoding = 4; lastKnownFileType = sourcecode.swift; name = StatusesAPI.swift; path = Sources/APIs/StatusesAPI.swift; sourceTree = SOURCE_ROOT; };
		84F142081D0CF91F00CF3FC4 /* TwitterAPIRequest.swift */ = {isa = PBXFileReference; fileEncoding = 4; lastKnownFileType = sourcecode.swift; name = TwitterAPIRequest.swift; path = Sources/APIs/TwitterAPIRequest.swift; sourceTree = SOURCE_ROOT; };
		84F142091D0CF91F00CF3FC4 /* UsersAPI.swift */ = {isa = PBXFileReference; fileEncoding = 4; lastKnownFileType = sourcecode.swift; name = UsersAPI.swift; path = Sources/APIs/UsersAPI.swift; sourceTree = SOURCE_ROOT; };
		84F142151D0CF92A00CF3FC4 /* Info.plist */ = {isa = PBXFileReference; fileEncoding = 4; lastKnownFileType = text.plist.xml; name = Info.plist; path = Sources/Info.plist; sourceTree = SOURCE_ROOT; };
		84F142291D0CFCA900CF3FC4 /* TwitterAPIKit.framework */ = {isa = PBXFileReference; explicitFileType = wrapper.framework; includeInIndex = 0; path = TwitterAPIKit.framework; sourceTree = BUILT_PRODUCTS_DIR; };
		84F142651D0D08B100CF3FC4 /* APIKit.framework */ = {isa = PBXFileReference; lastKnownFileType = wrapper.framework; name = APIKit.framework; path = "../../../../Library/Developer/Xcode/DerivedData/TwitterAPIKit-ahjcwwoarzyijagnzbbhunzgxnnb/Build/Products/Debug/APIKit.framework"; sourceTree = "<group>"; };
		84F142661D0D08B100CF3FC4 /* Base32.framework */ = {isa = PBXFileReference; lastKnownFileType = wrapper.framework; name = Base32.framework; path = "../../../../Library/Developer/Xcode/DerivedData/TwitterAPIKit-ahjcwwoarzyijagnzbbhunzgxnnb/Build/Products/Debug/Base32.framework"; sourceTree = "<group>"; };
		84F142671D0D08B100CF3FC4 /* HMAC.framework */ = {isa = PBXFileReference; lastKnownFileType = wrapper.framework; name = HMAC.framework; path = "../../../../Library/Developer/Xcode/DerivedData/TwitterAPIKit-ahjcwwoarzyijagnzbbhunzgxnnb/Build/Products/Debug/HMAC.framework"; sourceTree = "<group>"; };
		84F142681D0D08B100CF3FC4 /* Result.framework */ = {isa = PBXFileReference; lastKnownFileType = wrapper.framework; name = Result.framework; path = "../../../../Library/Developer/Xcode/DerivedData/TwitterAPIKit-ahjcwwoarzyijagnzbbhunzgxnnb/Build/Products/Debug/Result.framework"; sourceTree = "<group>"; };
		84F1426E1D0D08BA00CF3FC4 /* Base32.framework */ = {isa = PBXFileReference; lastKnownFileType = wrapper.framework; name = Base32.framework; path = "../../../../Library/Developer/Xcode/DerivedData/TwitterAPIKit-ahjcwwoarzyijagnzbbhunzgxnnb/Build/Products/Debug-iphoneos/Base32.framework"; sourceTree = "<group>"; };
		84F1426F1D0D08BA00CF3FC4 /* HMAC.framework */ = {isa = PBXFileReference; lastKnownFileType = wrapper.framework; name = HMAC.framework; path = "../../../../Library/Developer/Xcode/DerivedData/TwitterAPIKit-ahjcwwoarzyijagnzbbhunzgxnnb/Build/Products/Debug-iphoneos/HMAC.framework"; sourceTree = "<group>"; };
		84F142701D0D08BA00CF3FC4 /* Result.framework */ = {isa = PBXFileReference; lastKnownFileType = wrapper.framework; name = Result.framework; path = "../../../../Library/Developer/Xcode/DerivedData/TwitterAPIKit-ahjcwwoarzyijagnzbbhunzgxnnb/Build/Products/Debug-iphoneos/Result.framework"; sourceTree = "<group>"; };
/* End PBXFileReference section */

/* Begin PBXFrameworksBuildPhase section */
		845CB49E1AD2A4C7006B3CE8 /* Frameworks */ = {
			isa = PBXFrameworksBuildPhase;
			buildActionMask = 2147483647;
			files = (
				84F142691D0D08B100CF3FC4 /* APIKit.framework in Frameworks */,
				84F1426A1D0D08B100CF3FC4 /* Base32.framework in Frameworks */,
				84F1426B1D0D08B100CF3FC4 /* HMAC.framework in Frameworks */,
				84F1426C1D0D08B100CF3FC4 /* Result.framework in Frameworks */,
			);
			runOnlyForDeploymentPostprocessing = 0;
		};
		84F142251D0CFCA900CF3FC4 /* Frameworks */ = {
			isa = PBXFrameworksBuildPhase;
			buildActionMask = 2147483647;
			files = (
				84F142711D0D08BA00CF3FC4 /* Base32.framework in Frameworks */,
				84F142721D0D08BA00CF3FC4 /* HMAC.framework in Frameworks */,
				84F142731D0D08BA00CF3FC4 /* Result.framework in Frameworks */,
				84F1426D1D0D08BA00CF3FC4 /* APIKit.framework in Frameworks */,
			);
			runOnlyForDeploymentPostprocessing = 0;
		};
/* End PBXFrameworksBuildPhase section */

/* Begin PBXGroup section */
		845CB4981AD2A4C7006B3CE8 = {
			isa = PBXGroup;
			children = (
				845CB4A41AD2A4C7006B3CE8 /* Sources */,
				845CB4A31AD2A4C7006B3CE8 /* Products */,
			);
			sourceTree = "<group>";
		};
		845CB4A31AD2A4C7006B3CE8 /* Products */ = {
			isa = PBXGroup;
			children = (
				845CB4A21AD2A4C7006B3CE8 /* TwitterAPIKit.framework */,
				84F142291D0CFCA900CF3FC4 /* TwitterAPIKit.framework */,
			);
			name = Products;
			sourceTree = "<group>";
		};
		845CB4A41AD2A4C7006B3CE8 /* Sources */ = {
			isa = PBXGroup;
			children = (
				84F141DC1D0CF7F100CF3FC4 /* TwitterAPIKit.h */,
				84F141D91D0CF7F100CF3FC4 /* Error.swift */,
				84F141DA1D0CF7F100CF3FC4 /* FoundationExtension.swift */,
				84F141DB1D0CF7F100CF3FC4 /* OAuthClient.swift */,
				84F141DD1D0CF7F100CF3FC4 /* User.swift */,
				84F141DE1D0CF7F100CF3FC4 /* Utils.swift */,
				84949AEE1B4AA2CB002DE195 /* Response */,
				8474997F1B48C87A008C3A6E /* Models */,
				847499501B4569F1008C3A6E /* APIs */,
				845CB4A51AD2A4C7006B3CE8 /* Supporting Files */,
			);
			name = Sources;
			path = TwitterAPIKit;
			sourceTree = "<group>";
		};
		845CB4A51AD2A4C7006B3CE8 /* Supporting Files */ = {
			isa = PBXGroup;
			children = (
				84F142151D0CF92A00CF3FC4 /* Info.plist */,
				84A330101B1018B7000E65B8 /* Frameworks */,
			);
			name = "Supporting Files";
			sourceTree = "<group>";
		};
		847499501B4569F1008C3A6E /* APIs */ = {
			isa = PBXGroup;
			children = (
				84F141FF1D0CF91F00CF3FC4 /* DirectMessagesAPI.swift */,
				84F142001D0CF91F00CF3FC4 /* FollowersAPI.swift */,
				84F142011D0CF91F00CF3FC4 /* FriendsAPI.swift */,
				84F142021D0CF91F00CF3FC4 /* FriendshipsAPI.swift */,
				84F142031D0CF91F00CF3FC4 /* ListsAPI.swift */,
				84F142041D0CF91F00CF3FC4 /* MutesAPI.swift */,
				84F142051D0CF91F00CF3FC4 /* OAuthAPI.swift */,
				84F142061D0CF91F00CF3FC4 /* SearchAPI.swift */,
				84F142071D0CF91F00CF3FC4 /* StatusesAPI.swift */,
				84F142081D0CF91F00CF3FC4 /* TwitterAPIRequest.swift */,
				84F142091D0CF91F00CF3FC4 /* UsersAPI.swift */,
			);
			name = APIs;
			sourceTree = "<group>";
		};
		8474997F1B48C87A008C3A6E /* Models */ = {
			isa = PBXGroup;
			children = (
				84F141E71D0CF89E00CF3FC4 /* DirectMessage.swift */,
				84F141E81D0CF89E00CF3FC4 /* Entities.swift */,
				84F141E91D0CF89E00CF3FC4 /* ListsList.swift */,
				84F141EA1D0CF89E00CF3FC4 /* Places.swift */,
				84F141EB1D0CF89E00CF3FC4 /* RetweetIDs.swift */,
				84F141EC1D0CF89E00CF3FC4 /* SearchResult.swift */,
				84F141ED1D0CF89E00CF3FC4 /* TokenResult.swift */,
				84F141EE1D0CF89E00CF3FC4 /* Tweets.swift */,
				84F141EF1D0CF89E00CF3FC4 /* UserIDs.swift */,
				84F141F01D0CF89E00CF3FC4 /* Users.swift */,
				84F141F11D0CF89E00CF3FC4 /* UsersList.swift */,
			);
			name = Models;
			sourceTree = "<group>";
		};
		84949AEE1B4AA2CB002DE195 /* Response */ = {
			isa = PBXGroup;
			children = (
				84F141FD1D0CF8DF00CF3FC4 /* Response.swift */,
			);
			name = Response;
			sourceTree = "<group>";
		};
		84A330101B1018B7000E65B8 /* Frameworks */ = {
			isa = PBXGroup;
			children = (
				84F1426E1D0D08BA00CF3FC4 /* Base32.framework */,
				84F1426F1D0D08BA00CF3FC4 /* HMAC.framework */,
				84F142701D0D08BA00CF3FC4 /* Result.framework */,
				84F142651D0D08B100CF3FC4 /* APIKit.framework */,
				84F142661D0D08B100CF3FC4 /* Base32.framework */,
				84F142671D0D08B100CF3FC4 /* HMAC.framework */,
				84F142681D0D08B100CF3FC4 /* Result.framework */,
				84F140C31D0B993900CF3FC4 /* APIKit.framework */,
				84F140C41D0B993900CF3FC4 /* Base32.framework */,
				84F140C51D0B993900CF3FC4 /* HMAC.framework */,
				84F140C61D0B993900CF3FC4 /* Result.framework */,
				84F140B31D0B988200CF3FC4 /* APIKit.framework */,
				84F140B41D0B988200CF3FC4 /* Base32.framework */,
				84F140B51D0B988200CF3FC4 /* HMAC.framework */,
				84F140B61D0B988200CF3FC4 /* Result.framework */,
			);
			name = Frameworks;
			sourceTree = "<group>";
		};
/* End PBXGroup section */

/* Begin PBXHeadersBuildPhase section */
		845CB49F1AD2A4C7006B3CE8 /* Headers */ = {
			isa = PBXHeadersBuildPhase;
			buildActionMask = 2147483647;
			files = (
				84F141E21D0CF7F100CF3FC4 /* TwitterAPIKit.h in Headers */,
			);
			runOnlyForDeploymentPostprocessing = 0;
		};
		84F142261D0CFCA900CF3FC4 /* Headers */ = {
			isa = PBXHeadersBuildPhase;
			buildActionMask = 2147483647;
			files = (
				84F142471D0CFCEF00CF3FC4 /* TwitterAPIKit.h in Headers */,
			);
			runOnlyForDeploymentPostprocessing = 0;
		};
/* End PBXHeadersBuildPhase section */

/* Begin PBXNativeTarget section */
		845CB4A11AD2A4C7006B3CE8 /* TwitterAPIKit-Mac */ = {
			isa = PBXNativeTarget;
			buildConfigurationList = 845CB4B81AD2A4C7006B3CE8 /* Build configuration list for PBXNativeTarget "TwitterAPIKit-Mac" */;
			buildPhases = (
				845CB49D1AD2A4C7006B3CE8 /* Sources */,
				845CB49E1AD2A4C7006B3CE8 /* Frameworks */,
				845CB49F1AD2A4C7006B3CE8 /* Headers */,
				845CB4A01AD2A4C7006B3CE8 /* Resources */,
			);
			buildRules = (
			);
			dependencies = (
			);
			name = "TwitterAPIKit-Mac";
			productName = TwitterAPIKit;
			productReference = 845CB4A21AD2A4C7006B3CE8 /* TwitterAPIKit.framework */;
			productType = "com.apple.product-type.framework";
		};
		84F142281D0CFCA900CF3FC4 /* TwitterAPIKit-iOS */ = {
			isa = PBXNativeTarget;
			buildConfigurationList = 84F1423A1D0CFCA900CF3FC4 /* Build configuration list for PBXNativeTarget "TwitterAPIKit-iOS" */;
			buildPhases = (
				84F142241D0CFCA900CF3FC4 /* Sources */,
				84F142251D0CFCA900CF3FC4 /* Frameworks */,
				84F142261D0CFCA900CF3FC4 /* Headers */,
				84F142271D0CFCA900CF3FC4 /* Resources */,
			);
			buildRules = (
			);
			dependencies = (
			);
			name = "TwitterAPIKit-iOS";
			productName = "TwitterAPIKit-iOS";
			productReference = 84F142291D0CFCA900CF3FC4 /* TwitterAPIKit.framework */;
			productType = "com.apple.product-type.framework";
		};
/* End PBXNativeTarget section */

/* Begin PBXProject section */
		845CB4991AD2A4C7006B3CE8 /* Project object */ = {
			isa = PBXProject;
			attributes = {
				LastSwiftUpdateCheck = 0730;
				LastUpgradeCheck = 0700;
				ORGANIZATIONNAME = "Yoshiki Kudo";
				TargetAttributes = {
					845CB4A11AD2A4C7006B3CE8 = {
						CreatedOnToolsVersion = 6.3;
						DevelopmentTeam = 6SLQZACQ63;
					};
					84F142281D0CFCA900CF3FC4 = {
						CreatedOnToolsVersion = 7.3.1;
					};
				};
			};
			buildConfigurationList = 845CB49C1AD2A4C7006B3CE8 /* Build configuration list for PBXProject "TwitterAPIKit" */;
			compatibilityVersion = "Xcode 3.2";
			developmentRegion = English;
			hasScannedForEncodings = 0;
			knownRegions = (
				en,
				Base,
			);
			mainGroup = 845CB4981AD2A4C7006B3CE8;
			productRefGroup = 845CB4A31AD2A4C7006B3CE8 /* Products */;
			projectDirPath = "";
			projectRoot = "";
			targets = (
				845CB4A11AD2A4C7006B3CE8 /* TwitterAPIKit-Mac */,
				84F142281D0CFCA900CF3FC4 /* TwitterAPIKit-iOS */,
			);
		};
/* End PBXProject section */

/* Begin PBXResourcesBuildPhase section */
		845CB4A01AD2A4C7006B3CE8 /* Resources */ = {
			isa = PBXResourcesBuildPhase;
			buildActionMask = 2147483647;
			files = (
				84F142161D0CF92A00CF3FC4 /* Info.plist in Resources */,
			);
			runOnlyForDeploymentPostprocessing = 0;
		};
		84F142271D0CFCA900CF3FC4 /* Resources */ = {
			isa = PBXResourcesBuildPhase;
			buildActionMask = 2147483647;
			files = (
			);
			runOnlyForDeploymentPostprocessing = 0;
		};
/* End PBXResourcesBuildPhase section */

/* Begin PBXSourcesBuildPhase section */
		845CB49D1AD2A4C7006B3CE8 /* Sources */ = {
			isa = PBXSourcesBuildPhase;
			buildActionMask = 2147483647;
			files = (
				84F141F31D0CF89E00CF3FC4 /* Entities.swift in Sources */,
				84F142101D0CF91F00CF3FC4 /* OAuthAPI.swift in Sources */,
				84F141E31D0CF7F100CF3FC4 /* User.swift in Sources */,
				84F1420A1D0CF91F00CF3FC4 /* DirectMessagesAPI.swift in Sources */,
				84F141FA1D0CF89E00CF3FC4 /* UserIDs.swift in Sources */,
				84F1420D1D0CF91F00CF3FC4 /* FriendshipsAPI.swift in Sources */,
				84F141F21D0CF89E00CF3FC4 /* DirectMessage.swift in Sources */,
				84F142121D0CF91F00CF3FC4 /* StatusesAPI.swift in Sources */,
				84F141FC1D0CF89E00CF3FC4 /* UsersList.swift in Sources */,
				84F1420E1D0CF91F00CF3FC4 /* ListsAPI.swift in Sources */,
				84F141F71D0CF89E00CF3FC4 /* SearchResult.swift in Sources */,
				84F141F81D0CF89E00CF3FC4 /* TokenResult.swift in Sources */,
				84F141E11D0CF7F100CF3FC4 /* OAuthClient.swift in Sources */,
				84F1420C1D0CF91F00CF3FC4 /* FriendsAPI.swift in Sources */,
				84F141FB1D0CF89E00CF3FC4 /* Users.swift in Sources */,
				84F141F91D0CF89E00CF3FC4 /* Tweets.swift in Sources */,
				84F141DF1D0CF7F100CF3FC4 /* Error.swift in Sources */,
				84F141F61D0CF89E00CF3FC4 /* RetweetIDs.swift in Sources */,
				84F142111D0CF91F00CF3FC4 /* SearchAPI.swift in Sources */,
				84F142141D0CF91F00CF3FC4 /* UsersAPI.swift in Sources */,
				84F141F41D0CF89E00CF3FC4 /* ListsList.swift in Sources */,
				84F141E41D0CF7F100CF3FC4 /* Utils.swift in Sources */,
				84F141E01D0CF7F100CF3FC4 /* FoundationExtension.swift in Sources */,
				84F141FE1D0CF8DF00CF3FC4 /* Response.swift in Sources */,
				84F1420F1D0CF91F00CF3FC4 /* MutesAPI.swift in Sources */,
				84F1420B1D0CF91F00CF3FC4 /* FollowersAPI.swift in Sources */,
				84F142131D0CF91F00CF3FC4 /* TwitterAPIRequest.swift in Sources */,
				84F141F51D0CF89E00CF3FC4 /* Places.swift in Sources */,
			);
			runOnlyForDeploymentPostprocessing = 0;
		};
		84F142241D0CFCA900CF3FC4 /* Sources */ = {
			isa = PBXSourcesBuildPhase;
			buildActionMask = 2147483647;
			files = (
				84F142591D0CFD1300CF3FC4 /* DirectMessagesAPI.swift in Sources */,
				84F1425A1D0CFD1300CF3FC4 /* FollowersAPI.swift in Sources */,
				84F1425B1D0CFD1300CF3FC4 /* FriendsAPI.swift in Sources */,
				84F1425C1D0CFD1300CF3FC4 /* FriendshipsAPI.swift in Sources */,
				84F1425D1D0CFD1300CF3FC4 /* ListsAPI.swift in Sources */,
				84F1425E1D0CFD1300CF3FC4 /* MutesAPI.swift in Sources */,
				84F1425F1D0CFD1300CF3FC4 /* OAuthAPI.swift in Sources */,
				84F142601D0CFD1300CF3FC4 /* SearchAPI.swift in Sources */,
				84F142611D0CFD1300CF3FC4 /* StatusesAPI.swift in Sources */,
				84F142621D0CFD1300CF3FC4 /* TwitterAPIRequest.swift in Sources */,
				84F142631D0CFD1300CF3FC4 /* UsersAPI.swift in Sources */,
				84F1424E1D0CFD0C00CF3FC4 /* DirectMessage.swift in Sources */,
				84F1424F1D0CFD0C00CF3FC4 /* Entities.swift in Sources */,
				84F142501D0CFD0C00CF3FC4 /* ListsList.swift in Sources */,
				84F142511D0CFD0C00CF3FC4 /* Places.swift in Sources */,
				84F142521D0CFD0C00CF3FC4 /* RetweetIDs.swift in Sources */,
				84F142531D0CFD0C00CF3FC4 /* SearchResult.swift in Sources */,
				84F142541D0CFD0C00CF3FC4 /* TokenResult.swift in Sources */,
				84F142551D0CFD0C00CF3FC4 /* Tweets.swift in Sources */,
				84F142561D0CFD0C00CF3FC4 /* UserIDs.swift in Sources */,
				84F142571D0CFD0C00CF3FC4 /* Users.swift in Sources */,
				84F142581D0CFD0C00CF3FC4 /* UsersList.swift in Sources */,
				84F142481D0CFD0400CF3FC4 /* Error.swift in Sources */,
				84F142491D0CFD0400CF3FC4 /* FoundationExtension.swift in Sources */,
				84F1424A1D0CFD0400CF3FC4 /* OAuthClient.swift in Sources */,
				84F1424B1D0CFD0400CF3FC4 /* User.swift in Sources */,
				84F1424C1D0CFD0400CF3FC4 /* Utils.swift in Sources */,
				84F1424D1D0CFD0400CF3FC4 /* Response.swift in Sources */,
			);
			runOnlyForDeploymentPostprocessing = 0;
		};
/* End PBXSourcesBuildPhase section */

/* Begin XCBuildConfiguration section */
		845CB4B61AD2A4C7006B3CE8 /* Debug */ = {
			isa = XCBuildConfiguration;
			buildSettings = {
				ALWAYS_SEARCH_USER_PATHS = NO;
				CLANG_CXX_LANGUAGE_STANDARD = "gnu++0x";
				CLANG_CXX_LIBRARY = "libc++";
				CLANG_ENABLE_MODULES = YES;
				CLANG_ENABLE_OBJC_ARC = YES;
				CLANG_WARN_BOOL_CONVERSION = YES;
				CLANG_WARN_CONSTANT_CONVERSION = YES;
				CLANG_WARN_DIRECT_OBJC_ISA_USAGE = YES_ERROR;
				CLANG_WARN_EMPTY_BODY = YES;
				CLANG_WARN_ENUM_CONVERSION = YES;
				CLANG_WARN_INT_CONVERSION = YES;
				CLANG_WARN_OBJC_ROOT_CLASS = YES_ERROR;
				CLANG_WARN_UNREACHABLE_CODE = YES;
				CLANG_WARN__DUPLICATE_METHOD_MATCH = YES;
				COPY_PHASE_STRIP = NO;
				CURRENT_PROJECT_VERSION = 1;
				DEBUG_INFORMATION_FORMAT = dwarf;
				ENABLE_STRICT_OBJC_MSGSEND = YES;
				ENABLE_TESTABILITY = YES;
				GCC_C_LANGUAGE_STANDARD = gnu99;
				GCC_DYNAMIC_NO_PIC = NO;
				GCC_NO_COMMON_BLOCKS = YES;
				GCC_OPTIMIZATION_LEVEL = 0;
				GCC_PREPROCESSOR_DEFINITIONS = (
					"DEBUG=1",
					"$(inherited)",
				);
				GCC_SYMBOLS_PRIVATE_EXTERN = NO;
				GCC_WARN_64_TO_32_BIT_CONVERSION = YES;
				GCC_WARN_ABOUT_RETURN_TYPE = YES_ERROR;
				GCC_WARN_UNDECLARED_SELECTOR = YES;
				GCC_WARN_UNINITIALIZED_AUTOS = YES_AGGRESSIVE;
				GCC_WARN_UNUSED_FUNCTION = YES;
				GCC_WARN_UNUSED_VARIABLE = YES;
				IPHONEOS_DEPLOYMENT_TARGET = 8.0;
				MACOSX_DEPLOYMENT_TARGET = 10.10;
				MTL_ENABLE_DEBUG_INFO = YES;
				ONLY_ACTIVE_ARCH = YES;
				SDKROOT = macosx;
				SWIFT_OBJC_BRIDGING_HEADER = "";
				SWIFT_OPTIMIZATION_LEVEL = "-Onone";
				VERSIONING_SYSTEM = "apple-generic";
				VERSION_INFO_PREFIX = "";
			};
			name = Debug;
		};
		845CB4B71AD2A4C7006B3CE8 /* Release */ = {
			isa = XCBuildConfiguration;
			buildSettings = {
				ALWAYS_SEARCH_USER_PATHS = NO;
				CLANG_CXX_LANGUAGE_STANDARD = "gnu++0x";
				CLANG_CXX_LIBRARY = "libc++";
				CLANG_ENABLE_MODULES = YES;
				CLANG_ENABLE_OBJC_ARC = YES;
				CLANG_WARN_BOOL_CONVERSION = YES;
				CLANG_WARN_CONSTANT_CONVERSION = YES;
				CLANG_WARN_DIRECT_OBJC_ISA_USAGE = YES_ERROR;
				CLANG_WARN_EMPTY_BODY = YES;
				CLANG_WARN_ENUM_CONVERSION = YES;
				CLANG_WARN_INT_CONVERSION = YES;
				CLANG_WARN_OBJC_ROOT_CLASS = YES_ERROR;
				CLANG_WARN_UNREACHABLE_CODE = YES;
				CLANG_WARN__DUPLICATE_METHOD_MATCH = YES;
				COPY_PHASE_STRIP = NO;
				CURRENT_PROJECT_VERSION = 1;
				DEBUG_INFORMATION_FORMAT = "dwarf-with-dsym";
				ENABLE_NS_ASSERTIONS = NO;
				ENABLE_STRICT_OBJC_MSGSEND = YES;
				GCC_C_LANGUAGE_STANDARD = gnu99;
				GCC_NO_COMMON_BLOCKS = YES;
				GCC_WARN_64_TO_32_BIT_CONVERSION = YES;
				GCC_WARN_ABOUT_RETURN_TYPE = YES_ERROR;
				GCC_WARN_UNDECLARED_SELECTOR = YES;
				GCC_WARN_UNINITIALIZED_AUTOS = YES_AGGRESSIVE;
				GCC_WARN_UNUSED_FUNCTION = YES;
				GCC_WARN_UNUSED_VARIABLE = YES;
				IPHONEOS_DEPLOYMENT_TARGET = 8.0;
				MACOSX_DEPLOYMENT_TARGET = 10.10;
				MTL_ENABLE_DEBUG_INFO = NO;
				SDKROOT = macosx;
				SWIFT_OBJC_BRIDGING_HEADER = "";
				VERSIONING_SYSTEM = "apple-generic";
				VERSION_INFO_PREFIX = "";
			};
			name = Release;
		};
		845CB4B91AD2A4C7006B3CE8 /* Debug */ = {
			isa = XCBuildConfiguration;
			buildSettings = {
				CLANG_ENABLE_MODULES = YES;
				CODE_SIGN_IDENTITY = "-";
				COMBINE_HIDPI_IMAGES = YES;
				DEFINES_MODULE = YES;
				DYLIB_COMPATIBILITY_VERSION = 1;
				DYLIB_CURRENT_VERSION = 1;
				DYLIB_INSTALL_NAME_BASE = "@rpath";
				FRAMEWORK_SEARCH_PATHS = (
					"$(inherited)",
					"$(PROJECT_DIR)/Carthage/Build",
				);
				FRAMEWORK_VERSION = A;
				INFOPLIST_FILE = Sources/Info.plist;
				INFOPLIST_OUTPUT_FORMAT = "same-as-input";
				INSTALL_PATH = "$(LOCAL_LIBRARY_DIR)/Frameworks";
				LD_RUNPATH_SEARCH_PATHS = "$(inherited) @executable_path/../Frameworks @loader_path/Frameworks";
				LIBRARY_SEARCH_PATHS = "$(inherited)";
				MACOSX_DEPLOYMENT_TARGET = 10.10;
				PLIST_FILE_OUTPUT_FORMAT = "same-as-input";
				PRODUCT_BUNDLE_IDENTIFIER = "jp.335g.$(PRODUCT_NAME:rfc1034identifier)";
				PRODUCT_NAME = "${PROJECT_NAME}";
				SKIP_INSTALL = YES;
				SWIFT_INCLUDE_PATHS = "";
				SWIFT_OBJC_BRIDGING_HEADER = "";
				SWIFT_OPTIMIZATION_LEVEL = "-Onone";
				VALIDATE_PRODUCT = NO;
				VALID_ARCHS = x86_64;
			};
			name = Debug;
		};
		845CB4BA1AD2A4C7006B3CE8 /* Release */ = {
			isa = XCBuildConfiguration;
			buildSettings = {
				CLANG_ENABLE_MODULES = YES;
				CODE_SIGN_IDENTITY = "-";
				COMBINE_HIDPI_IMAGES = YES;
				DEFINES_MODULE = YES;
				DYLIB_COMPATIBILITY_VERSION = 1;
				DYLIB_CURRENT_VERSION = 1;
				DYLIB_INSTALL_NAME_BASE = "@rpath";
				FRAMEWORK_SEARCH_PATHS = (
					"$(inherited)",
					"$(PROJECT_DIR)/Carthage/Build",
				);
				FRAMEWORK_VERSION = A;
				INFOPLIST_FILE = Sources/Info.plist;
				INFOPLIST_OUTPUT_FORMAT = "same-as-input";
				INSTALL_PATH = "$(LOCAL_LIBRARY_DIR)/Frameworks";
				LD_RUNPATH_SEARCH_PATHS = "$(inherited) @executable_path/../Frameworks @loader_path/Frameworks";
				LIBRARY_SEARCH_PATHS = "$(inherited)";
				MACOSX_DEPLOYMENT_TARGET = 10.10;
				PLIST_FILE_OUTPUT_FORMAT = "same-as-input";
				PRODUCT_BUNDLE_IDENTIFIER = "jp.335g.$(PRODUCT_NAME:rfc1034identifier)";
				PRODUCT_NAME = "${PROJECT_NAME}";
				SKIP_INSTALL = YES;
				SWIFT_INCLUDE_PATHS = "";
				SWIFT_OBJC_BRIDGING_HEADER = "";
				VALIDATE_PRODUCT = NO;
				VALID_ARCHS = x86_64;
			};
			name = Release;
		};
		84F1423B1D0CFCA900CF3FC4 /* Debug */ = {
			isa = XCBuildConfiguration;
			buildSettings = {
				CLANG_ANALYZER_NONNULL = YES;
				CODE_SIGN_IDENTITY = "iPhone Developer";
				"CODE_SIGN_IDENTITY[sdk=iphoneos*]" = "iPhone Developer";
				DEFINES_MODULE = YES;
				DYLIB_COMPATIBILITY_VERSION = 1;
				DYLIB_CURRENT_VERSION = 1;
				DYLIB_INSTALL_NAME_BASE = "@rpath";
				INFOPLIST_FILE = Sources/Info.plist;
				INSTALL_PATH = "$(LOCAL_LIBRARY_DIR)/Frameworks";
				IPHONEOS_DEPLOYMENT_TARGET = 8.0;
				LD_RUNPATH_SEARCH_PATHS = "$(inherited) @executable_path/Frameworks @loader_path/Frameworks";
				PRODUCT_BUNDLE_IDENTIFIER = jp.335g.TwitterAPIKit;
				PRODUCT_NAME = "$(PROJECT_NAME)";
				SDKROOT = iphoneos;
				SKIP_INSTALL = YES;
				TARGETED_DEVICE_FAMILY = "1,2";
			};
			name = Debug;
		};
		84F1423C1D0CFCA900CF3FC4 /* Release */ = {
			isa = XCBuildConfiguration;
			buildSettings = {
				CLANG_ANALYZER_NONNULL = YES;
				CODE_SIGN_IDENTITY = "iPhone Developer";
				"CODE_SIGN_IDENTITY[sdk=iphoneos*]" = "iPhone Developer";
				DEFINES_MODULE = YES;
				DYLIB_COMPATIBILITY_VERSION = 1;
				DYLIB_CURRENT_VERSION = 1;
				DYLIB_INSTALL_NAME_BASE = "@rpath";
				INFOPLIST_FILE = Sources/Info.plist;
				INSTALL_PATH = "$(LOCAL_LIBRARY_DIR)/Frameworks";
				IPHONEOS_DEPLOYMENT_TARGET = 8.0;
				LD_RUNPATH_SEARCH_PATHS = "$(inherited) @executable_path/Frameworks @loader_path/Frameworks";
				PRODUCT_BUNDLE_IDENTIFIER = jp.335g.TwitterAPIKit;
				PRODUCT_NAME = "$(PROJECT_NAME)";
				SDKROOT = iphoneos;
				SKIP_INSTALL = YES;
				TARGETED_DEVICE_FAMILY = "1,2";
				VALIDATE_PRODUCT = YES;
			};
			name = Release;
		};
/* End XCBuildConfiguration section */

/* Begin XCConfigurationList section */
		845CB49C1AD2A4C7006B3CE8 /* Build configuration list for PBXProject "TwitterAPIKit" */ = {
			isa = XCConfigurationList;
			buildConfigurations = (
				845CB4B61AD2A4C7006B3CE8 /* Debug */,
				845CB4B71AD2A4C7006B3CE8 /* Release */,
			);
			defaultConfigurationIsVisible = 0;
			defaultConfigurationName = Release;
		};
		845CB4B81AD2A4C7006B3CE8 /* Build configuration list for PBXNativeTarget "TwitterAPIKit-Mac" */ = {
			isa = XCConfigurationList;
			buildConfigurations = (
				845CB4B91AD2A4C7006B3CE8 /* Debug */,
				845CB4BA1AD2A4C7006B3CE8 /* Release */,
			);
			defaultConfigurationIsVisible = 0;
			defaultConfigurationName = Release;
		};
		84F1423A1D0CFCA900CF3FC4 /* Build configuration list for PBXNativeTarget "TwitterAPIKit-iOS" */ = {
			isa = XCConfigurationList;
			buildConfigurations = (
				84F1423B1D0CFCA900CF3FC4 /* Debug */,
				84F1423C1D0CFCA900CF3FC4 /* Release */,
			);
			defaultConfigurationIsVisible = 0;
			defaultConfigurationName = Release;
		};
/* End XCConfigurationList section */
	};
	rootObject = 845CB4991AD2A4C7006B3CE8 /* Project object */;
}
